
Microsoft Visual Studio Solution File, Format Version 12.00
# Visual Studio Version 17
VisualStudioVersion = 17.7.34031.279
MinimumVisualStudioVersion = 10.0.40219.1
Project("{FAE04EC0-301F-11D3-BF4B-00C04F79EFBC}") = "ProductServices", "ProductServices\ProductServices.csproj", "{CA33A201-E039-40DE-975E-576BB1F4E087}"
EndProject
Global
	GlobalSection(SolutionConfigurationPlatforms) = preSolution
		Debug|Any CPU = Debug|Any CPU
		Release|Any CPU = Release|Any CPU
	EndGlobalSection
	GlobalSection(ProjectConfigurationPlatforms) = postSolution
		{CA33A201-E039-40DE-975E-576BB1F4E087}.Debug|Any CPU.ActiveCfg = Debug|Any CPU
		{CA33A201-E039-40DE-975E-576BB1F4E087}.Debug|Any CPU.Build.0 = Debug|Any CPU
		{CA33A201-E039-40DE-975E-576BB1F4E087}.Release|Any CPU.ActiveCfg = Release|Any CPU
		{CA33A201-E039-40DE-975E-576BB1F4E087}.Release|Any CPU.Build.0 = Release|Any CPU
	EndGlobalSection
	GlobalSection(SolutionProperties) = preSolution
		HideSolutionNode = FALSE
	EndGlobalSection
	GlobalSection(ExtensibilityGlobals) = postSolution
		SolutionGuid = {BB58D3CC-C576-4795-85EC-D5B677D594E3}
	EndGlobalSection
EndGlobal
